
Microsoft Visual Studio Solution File, Format Version 12.00
# Visual Studio Version 17
VisualStudioVersion = 17.0.32014.148
MinimumVisualStudioVersion = 10.0.40219.1
Project("{FAE04EC0-301F-11D3-BF4B-00C04F79EFBC}") = "FiltersInMVC", "FiltersInMVC\FiltersInMVC.csproj", "{6181075B-0CAB-451F-BB60-872305221800}"
EndProject
Global
	GlobalSection(SolutionConfigurationPlatforms) = preSolution
		Debug|Any CPU = Debug|Any CPU
		Release|Any CPU = Release|Any CPU
	EndGlobalSection
	GlobalSection(ProjectConfigurationPlatforms) = postSolution
		{6181075B-0CAB-451F-BB60-872305221800}.Debug|Any CPU.ActiveCfg = Debug|Any CPU
		{6181075B-0CAB-451F-BB60-872305221800}.Debug|Any CPU.Build.0 = Debug|Any CPU
		{6181075B-0CAB-451F-BB60-872305221800}.Release|Any CPU.ActiveCfg = Release|Any CPU
		{6181075B-0CAB-451F-BB60-872305221800}.Release|Any CPU.Build.0 = Release|Any CPU
	EndGlobalSection
	GlobalSection(SolutionProperties) = preSolution
		HideSolutionNode = FALSE
	EndGlobalSection
	GlobalSection(ExtensibilityGlobals) = postSolution
		SolutionGuid = {E8937CAB-FDB6-4D95-966D-90C2DDE1D07F}
	EndGlobalSection
EndGlobal
